
Microsoft Visual Studio Solution File, Format Version 12.00
# Visual Studio 15
VisualStudioVersion = 15.0.28010.2003
MinimumVisualStudioVersion = 10.0.40219.1
Project("{FAE04EC0-301F-11D3-BF4B-00C04F79EFBC}") = "Homework9", "Homework9\Homework9.csproj", "{69AF17FE-ACFD-43CE-B110-DB426DEF155E}"
EndProject
Global
	GlobalSection(SolutionConfigurationPlatforms) = preSolution
		Debug|Any CPU = Debug|Any CPU
		Release|Any CPU = Release|Any CPU
	EndGlobalSection
	GlobalSection(ProjectConfigurationPlatforms) = postSolution
		{69AF17FE-ACFD-43CE-B110-DB426DEF155E}.Debug|Any CPU.ActiveCfg = Debug|Any CPU
		{69AF17FE-ACFD-43CE-B110-DB426DEF155E}.Debug|Any CPU.Build.0 = Debug|Any CPU
		{69AF17FE-ACFD-43CE-B110-DB426DEF155E}.Release|Any CPU.ActiveCfg = Release|Any CPU
		{69AF17FE-ACFD-43CE-B110-DB426DEF155E}.Release|Any CPU.Build.0 = Release|Any CPU
	EndGlobalSection
	GlobalSection(SolutionProperties) = preSolution
		HideSolutionNode = FALSE
	EndGlobalSection
	GlobalSection(ExtensibilityGlobals) = postSolution
		SolutionGuid = {4F0D72BD-E4D9-4AC4-B3FF-91AE681B721A}
	EndGlobalSection
EndGlobal
